
Microsoft Visual Studio Solution File, Format Version 12.00
# Visual Studio 2015
Project("{FAE04EC0-301F-11D3-BF4B-00C04F79EFBC}") = "Simulador - Mercado Pago Point.CSharp", "Simulador - Mercado Pago Point.CSharp.csproj", "{8EE9683D-E020-D561-4338-42BFDA0F7B9B}"
EndProject
Global
	GlobalSection(SolutionConfigurationPlatforms) = preSolution
		Debug|Any CPU = Debug|Any CPU
		Release|Any CPU = Release|Any CPU
	EndGlobalSection
	GlobalSection(ProjectConfigurationPlatforms) = postSolution
		{8EE9683D-E020-D561-4338-42BFDA0F7B9B}.Debug|Any CPU.ActiveCfg = Debug|Any CPU
		{8EE9683D-E020-D561-4338-42BFDA0F7B9B}.Debug|Any CPU.Build.0 = Debug|Any CPU
		{8EE9683D-E020-D561-4338-42BFDA0F7B9B}.Release|Any CPU.ActiveCfg = Release|Any CPU
		{8EE9683D-E020-D561-4338-42BFDA0F7B9B}.Release|Any CPU.Build.0 = Release|Any CPU
	EndGlobalSection
	GlobalSection(SolutionProperties) = preSolution
		HideSolutionNode = FALSE
	EndGlobalSection
EndGlobal
